
Microsoft Visual Studio Solution File, Format Version 12.00
# Visual Studio 15
VisualStudioVersion = 15.0.27428.2011
MinimumVisualStudioVersion = 10.0.40219.1
Project("{FAE04EC0-301F-11D3-BF4B-00C04F79EFBC}") = "m3-w2d5-FlashScope-Practice", "m3-w2d5-FlashScope-Practice\m3-w2d5-FlashScope-Practice.csproj", "{45D34CE2-051A-4D8D-A1ED-71BE33231DF1}"
EndProject
Global
	GlobalSection(SolutionConfigurationPlatforms) = preSolution
		Debug|Any CPU = Debug|Any CPU
		Release|Any CPU = Release|Any CPU
	EndGlobalSection
	GlobalSection(ProjectConfigurationPlatforms) = postSolution
		{45D34CE2-051A-4D8D-A1ED-71BE33231DF1}.Debug|Any CPU.ActiveCfg = Debug|Any CPU
		{45D34CE2-051A-4D8D-A1ED-71BE33231DF1}.Debug|Any CPU.Build.0 = Debug|Any CPU
		{45D34CE2-051A-4D8D-A1ED-71BE33231DF1}.Release|Any CPU.ActiveCfg = Release|Any CPU
		{45D34CE2-051A-4D8D-A1ED-71BE33231DF1}.Release|Any CPU.Build.0 = Release|Any CPU
	EndGlobalSection
	GlobalSection(SolutionProperties) = preSolution
		HideSolutionNode = FALSE
	EndGlobalSection
	GlobalSection(ExtensibilityGlobals) = postSolution
		SolutionGuid = {03D270B0-A863-4202-9007-ABE49AD6FB8E}
	EndGlobalSection
EndGlobal
