
Microsoft Visual Studio Solution File, Format Version 12.00
# Visual Studio 15
VisualStudioVersion = 15.0.27428.2037
MinimumVisualStudioVersion = 10.0.40219.1
Project("{FAE04EC0-301F-11D3-BF4B-00C04F79EFBC}") = "m5-LoginSample", "m5-LoginSample\m5-LoginSample.csproj", "{FFCD8437-DAE1-4716-A815-7F0C6F02D64D}"
EndProject
Global
	GlobalSection(SolutionConfigurationPlatforms) = preSolution
		Debug|Any CPU = Debug|Any CPU
		Release|Any CPU = Release|Any CPU
	EndGlobalSection
	GlobalSection(ProjectConfigurationPlatforms) = postSolution
		{FFCD8437-DAE1-4716-A815-7F0C6F02D64D}.Debug|Any CPU.ActiveCfg = Debug|Any CPU
		{FFCD8437-DAE1-4716-A815-7F0C6F02D64D}.Debug|Any CPU.Build.0 = Debug|Any CPU
		{FFCD8437-DAE1-4716-A815-7F0C6F02D64D}.Release|Any CPU.ActiveCfg = Release|Any CPU
		{FFCD8437-DAE1-4716-A815-7F0C6F02D64D}.Release|Any CPU.Build.0 = Release|Any CPU
	EndGlobalSection
	GlobalSection(SolutionProperties) = preSolution
		HideSolutionNode = FALSE
	EndGlobalSection
	GlobalSection(ExtensibilityGlobals) = postSolution
		SolutionGuid = {968E1FFD-30EC-49A7-B447-9E110297A9FF}
	EndGlobalSection
EndGlobal
